
Microsoft Visual Studio Solution File, Format Version 12.00
# Visual Studio Version 16
VisualStudioVersion = 16.0.30608.117
MinimumVisualStudioVersion = 10.0.40219.1
Project("{9A19103F-16F7-4668-BE54-9A1E7A4F7556}") = "Northwind.Web", "Northwind.Web\Northwind.Web.csproj", "{9E1A5C96-1849-4F6F-A385-95DA7C04616C}"
EndProject
Project("{9A19103F-16F7-4668-BE54-9A1E7A4F7556}") = "Northwind.Data", "Northwind.Data\Northwind.Data.csproj", "{C7C54286-8470-4F28-8AD0-8DE8DFCAEBBE}"
EndProject
Project("{9A19103F-16F7-4668-BE54-9A1E7A4F7556}") = "Northwind.Data.EF", "Northwind.Data.EF\Northwind.Data.EF.csproj", "{6F291B97-13F5-48E5-8B3E-EE3799248D58}"
EndProject
Project("{9A19103F-16F7-4668-BE54-9A1E7A4F7556}") = "Northwind.Business", "Northwind.Business\Northwind.Business.csproj", "{CF0007DD-6027-445C-8F3C-AECDEA30D4F9}"
EndProject
Project("{9A19103F-16F7-4668-BE54-9A1E7A4F7556}") = "Northwind.Core", "Northwind.Core\Northwind.Core.csproj", "{B0AF09B3-0EC0-4239-882B-6981133241EE}"
EndProject
Project("{9A19103F-16F7-4668-BE54-9A1E7A4F7556}") = "Northwind.Web.Tests.Unit", "Northwind.Web.Tests.Unit\Northwind.Web.Tests.Unit.csproj", "{357D9A6B-2606-48B2-813F-0F19CB1CB11D}"
EndProject
Project("{9A19103F-16F7-4668-BE54-9A1E7A4F7556}") = "Northwind.Core.Caching", "Northwind.Core.Caching\Northwind.Core.Caching.csproj", "{23EF0CC6-ABE0-4BDA-B4A7-1AE1B5C20116}"
EndProject
Project("{9A19103F-16F7-4668-BE54-9A1E7A4F7556}") = "Northwind.API", "Northwind.API\Northwind.API.csproj", "{8ADCA525-D83D-4140-AF95-46EA9A882F55}"
EndProject
Project("{9A19103F-16F7-4668-BE54-9A1E7A4F7556}") = "Northwind.Core.Web", "Northwind.Core.Web\Northwind.Core.Web.csproj", "{B9E90710-483A-484F-ADF6-62DE34F47C09}"
EndProject
Project("{9A19103F-16F7-4668-BE54-9A1E7A4F7556}") = "Northwind.Console", "Northwind.Console\Northwind.Console.csproj", "{79A2B894-AEAC-4B0E-8D97-E9C499A18146}"
EndProject
Project("{9A19103F-16F7-4668-BE54-9A1E7A4F7556}") = "Northwind.API.Tests.Integration", "Northwind.API.Tests.Integration\Northwind.API.Tests.Integration.csproj", "{8F85DFD0-3D82-48AD-9A50-AC162EA97B33}"
EndProject
Global
	GlobalSection(SolutionConfigurationPlatforms) = preSolution
		Debug|Any CPU = Debug|Any CPU
		Release|Any CPU = Release|Any CPU
	EndGlobalSection
	GlobalSection(ProjectConfigurationPlatforms) = postSolution
		{9E1A5C96-1849-4F6F-A385-95DA7C04616C}.Debug|Any CPU.ActiveCfg = Debug|Any CPU
		{9E1A5C96-1849-4F6F-A385-95DA7C04616C}.Debug|Any CPU.Build.0 = Debug|Any CPU
		{9E1A5C96-1849-4F6F-A385-95DA7C04616C}.Release|Any CPU.ActiveCfg = Release|Any CPU
		{9E1A5C96-1849-4F6F-A385-95DA7C04616C}.Release|Any CPU.Build.0 = Release|Any CPU
		{C7C54286-8470-4F28-8AD0-8DE8DFCAEBBE}.Debug|Any CPU.ActiveCfg = Debug|Any CPU
		{C7C54286-8470-4F28-8AD0-8DE8DFCAEBBE}.Debug|Any CPU.Build.0 = Debug|Any CPU
		{C7C54286-8470-4F28-8AD0-8DE8DFCAEBBE}.Release|Any CPU.ActiveCfg = Release|Any CPU
		{C7C54286-8470-4F28-8AD0-8DE8DFCAEBBE}.Release|Any CPU.Build.0 = Release|Any CPU
		{6F291B97-13F5-48E5-8B3E-EE3799248D58}.Debug|Any CPU.ActiveCfg = Debug|Any CPU
		{6F291B97-13F5-48E5-8B3E-EE3799248D58}.Debug|Any CPU.Build.0 = Debug|Any CPU
		{6F291B97-13F5-48E5-8B3E-EE3799248D58}.Release|Any CPU.ActiveCfg = Release|Any CPU
		{6F291B97-13F5-48E5-8B3E-EE3799248D58}.Release|Any CPU.Build.0 = Release|Any CPU
		{CF0007DD-6027-445C-8F3C-AECDEA30D4F9}.Debug|Any CPU.ActiveCfg = Debug|Any CPU
		{CF0007DD-6027-445C-8F3C-AECDEA30D4F9}.Debug|Any CPU.Build.0 = Debug|Any CPU
		{CF0007DD-6027-445C-8F3C-AECDEA30D4F9}.Release|Any CPU.ActiveCfg = Release|Any CPU
		{CF0007DD-6027-445C-8F3C-AECDEA30D4F9}.Release|Any CPU.Build.0 = Release|Any CPU
		{B0AF09B3-0EC0-4239-882B-6981133241EE}.Debug|Any CPU.ActiveCfg = Debug|Any CPU
		{B0AF09B3-0EC0-4239-882B-6981133241EE}.Debug|Any CPU.Build.0 = Debug|Any CPU
		{B0AF09B3-0EC0-4239-882B-6981133241EE}.Release|Any CPU.ActiveCfg = Release|Any CPU
		{B0AF09B3-0EC0-4239-882B-6981133241EE}.Release|Any CPU.Build.0 = Release|Any CPU
		{357D9A6B-2606-48B2-813F-0F19CB1CB11D}.Debug|Any CPU.ActiveCfg = Debug|Any CPU
		{357D9A6B-2606-48B2-813F-0F19CB1CB11D}.Debug|Any CPU.Build.0 = Debug|Any CPU
		{357D9A6B-2606-48B2-813F-0F19CB1CB11D}.Release|Any CPU.ActiveCfg = Release|Any CPU
		{357D9A6B-2606-48B2-813F-0F19CB1CB11D}.Release|Any CPU.Build.0 = Release|Any CPU
		{23EF0CC6-ABE0-4BDA-B4A7-1AE1B5C20116}.Debug|Any CPU.ActiveCfg = Debug|Any CPU
		{23EF0CC6-ABE0-4BDA-B4A7-1AE1B5C20116}.Debug|Any CPU.Build.0 = Debug|Any CPU
		{23EF0CC6-ABE0-4BDA-B4A7-1AE1B5C20116}.Release|Any CPU.ActiveCfg = Release|Any CPU
		{23EF0CC6-ABE0-4BDA-B4A7-1AE1B5C20116}.Release|Any CPU.Build.0 = Release|Any CPU
		{8ADCA525-D83D-4140-AF95-46EA9A882F55}.Debug|Any CPU.ActiveCfg = Debug|Any CPU
		{8ADCA525-D83D-4140-AF95-46EA9A882F55}.Debug|Any CPU.Build.0 = Debug|Any CPU
		{8ADCA525-D83D-4140-AF95-46EA9A882F55}.Release|Any CPU.ActiveCfg = Release|Any CPU
		{8ADCA525-D83D-4140-AF95-46EA9A882F55}.Release|Any CPU.Build.0 = Release|Any CPU
		{B9E90710-483A-484F-ADF6-62DE34F47C09}.Debug|Any CPU.ActiveCfg = Debug|Any CPU
		{B9E90710-483A-484F-ADF6-62DE34F47C09}.Debug|Any CPU.Build.0 = Debug|Any CPU
		{B9E90710-483A-484F-ADF6-62DE34F47C09}.Release|Any CPU.ActiveCfg = Release|Any CPU
		{B9E90710-483A-484F-ADF6-62DE34F47C09}.Release|Any CPU.Build.0 = Release|Any CPU
		{79A2B894-AEAC-4B0E-8D97-E9C499A18146}.Debug|Any CPU.ActiveCfg = Debug|Any CPU
		{79A2B894-AEAC-4B0E-8D97-E9C499A18146}.Debug|Any CPU.Build.0 = Debug|Any CPU
		{79A2B894-AEAC-4B0E-8D97-E9C499A18146}.Release|Any CPU.ActiveCfg = Release|Any CPU
		{79A2B894-AEAC-4B0E-8D97-E9C499A18146}.Release|Any CPU.Build.0 = Release|Any CPU
		{8F85DFD0-3D82-48AD-9A50-AC162EA97B33}.Debug|Any CPU.ActiveCfg = Debug|Any CPU
		{8F85DFD0-3D82-48AD-9A50-AC162EA97B33}.Debug|Any CPU.Build.0 = Debug|Any CPU
		{8F85DFD0-3D82-48AD-9A50-AC162EA97B33}.Release|Any CPU.ActiveCfg = Release|Any CPU
		{8F85DFD0-3D82-48AD-9A50-AC162EA97B33}.Release|Any CPU.Build.0 = Release|Any CPU
	EndGlobalSection
	GlobalSection(SolutionProperties) = preSolution
		HideSolutionNode = FALSE
	EndGlobalSection
	GlobalSection(ExtensibilityGlobals) = postSolution
		SolutionGuid = {97ED5B6D-2F62-4C54-963D-ACFDCE0D0EC4}
	EndGlobalSection
EndGlobal
